{
	"name": "parcheesi-sw",
	"version": "0.0.0",
	"lockfileVersion": 1,
	"requires": true,
	"dependencies": {
		"typescript": {
			"version": "3.9.6",
			"resolved": "https://registry.npmjs.org/typescript/-/typescript-3.9.6.tgz",
			"integrity": "sha512-Pspx3oKAPJtjNwE92YS05HQoY7z2SFyOpHo9MqJor3BXAGNaPUs83CuVp9VISFkSjyRfiTpmKuAYGJB7S7hOxw==",
			"dev": true
		},
		"webworker": {
			"version": "0.8.4",
			"resolved": "https://registry.npmjs.org/webworker/-/webworker-0.8.4.tgz",
			"integrity": "sha1-ZK8+i1700nfaK29CQu0Yz64zioQ=",
			"dev": true
		}
	}
}
